
Microsoft Visual Studio Solution File, Format Version 12.00
# Visual Studio Version 17
VisualStudioVersion = 17.1.32228.430
MinimumVisualStudioVersion = 10.0.40219.1
Project("{FAE04EC0-301F-11D3-BF4B-00C04F79EFBC}") = "Infoset.API", "Infoset.API\Infoset.API.csproj", "{3230A17E-121E-4332-9664-0025BAF44AB5}"
EndProject
Project("{FAE04EC0-301F-11D3-BF4B-00C04F79EFBC}") = "Infoset.Domain", "Infoset.Domain\Infoset.Domain.csproj", "{B9D887F1-004E-4BB4-A80A-E4BB8A037919}"
EndProject
Project("{FAE04EC0-301F-11D3-BF4B-00C04F79EFBC}") = "Infoset.Persistence", "Infoset.Persistence\Infoset.Persistence.csproj", "{9D846237-5AD9-4818-BF47-1760900636E7}"
EndProject
Project("{FAE04EC0-301F-11D3-BF4B-00C04F79EFBC}") = "Infoset.Application", "Infoset.Application\Infoset.Application.csproj", "{9BA502E6-19DF-4723-8AD9-C1705AD86383}"
EndProject
Global
	GlobalSection(SolutionConfigurationPlatforms) = preSolution
		Debug|Any CPU = Debug|Any CPU
		Release|Any CPU = Release|Any CPU
	EndGlobalSection
	GlobalSection(ProjectConfigurationPlatforms) = postSolution
		{3230A17E-121E-4332-9664-0025BAF44AB5}.Debug|Any CPU.ActiveCfg = Debug|Any CPU
		{3230A17E-121E-4332-9664-0025BAF44AB5}.Debug|Any CPU.Build.0 = Debug|Any CPU
		{3230A17E-121E-4332-9664-0025BAF44AB5}.Release|Any CPU.ActiveCfg = Release|Any CPU
		{3230A17E-121E-4332-9664-0025BAF44AB5}.Release|Any CPU.Build.0 = Release|Any CPU
		{B9D887F1-004E-4BB4-A80A-E4BB8A037919}.Debug|Any CPU.ActiveCfg = Debug|Any CPU
		{B9D887F1-004E-4BB4-A80A-E4BB8A037919}.Debug|Any CPU.Build.0 = Debug|Any CPU
		{B9D887F1-004E-4BB4-A80A-E4BB8A037919}.Release|Any CPU.ActiveCfg = Release|Any CPU
		{B9D887F1-004E-4BB4-A80A-E4BB8A037919}.Release|Any CPU.Build.0 = Release|Any CPU
		{9D846237-5AD9-4818-BF47-1760900636E7}.Debug|Any CPU.ActiveCfg = Debug|Any CPU
		{9D846237-5AD9-4818-BF47-1760900636E7}.Debug|Any CPU.Build.0 = Debug|Any CPU
		{9D846237-5AD9-4818-BF47-1760900636E7}.Release|Any CPU.ActiveCfg = Release|Any CPU
		{9D846237-5AD9-4818-BF47-1760900636E7}.Release|Any CPU.Build.0 = Release|Any CPU
		{9BA502E6-19DF-4723-8AD9-C1705AD86383}.Debug|Any CPU.ActiveCfg = Debug|Any CPU
		{9BA502E6-19DF-4723-8AD9-C1705AD86383}.Debug|Any CPU.Build.0 = Debug|Any CPU
		{9BA502E6-19DF-4723-8AD9-C1705AD86383}.Release|Any CPU.ActiveCfg = Release|Any CPU
		{9BA502E6-19DF-4723-8AD9-C1705AD86383}.Release|Any CPU.Build.0 = Release|Any CPU
	EndGlobalSection
	GlobalSection(SolutionProperties) = preSolution
		HideSolutionNode = FALSE
	EndGlobalSection
	GlobalSection(ExtensibilityGlobals) = postSolution
		SolutionGuid = {E815E7A1-BC79-47FC-8012-6BA033122B08}
	EndGlobalSection
EndGlobal
